
Microsoft Visual Studio Solution File, Format Version 12.00
# Visual Studio 15
VisualStudioVersion = 15.0.27428.2027
MinimumVisualStudioVersion = 10.0.40219.1
Project("{FAE04EC0-301F-11D3-BF4B-00C04F79EFBC}") = "SampleToDo", "SampleToDo\SampleToDo.csproj", "{E63509DA-3AA3-44CF-8A31-D8EBAF69614F}"
EndProject
Project("{FAE04EC0-301F-11D3-BF4B-00C04F79EFBC}") = "SampleToDo.Tests", "SampleToDo.Tests\SampleToDo.Tests.csproj", "{23732108-3681-482F-995F-DC97A2419207}"
EndProject
Global
	GlobalSection(SolutionConfigurationPlatforms) = preSolution
		Debug|Any CPU = Debug|Any CPU
		Release|Any CPU = Release|Any CPU
	EndGlobalSection
	GlobalSection(ProjectConfigurationPlatforms) = postSolution
		{E63509DA-3AA3-44CF-8A31-D8EBAF69614F}.Debug|Any CPU.ActiveCfg = Debug|Any CPU
		{E63509DA-3AA3-44CF-8A31-D8EBAF69614F}.Debug|Any CPU.Build.0 = Debug|Any CPU
		{E63509DA-3AA3-44CF-8A31-D8EBAF69614F}.Release|Any CPU.ActiveCfg = Release|Any CPU
		{E63509DA-3AA3-44CF-8A31-D8EBAF69614F}.Release|Any CPU.Build.0 = Release|Any CPU
		{23732108-3681-482F-995F-DC97A2419207}.Debug|Any CPU.ActiveCfg = Debug|Any CPU
		{23732108-3681-482F-995F-DC97A2419207}.Debug|Any CPU.Build.0 = Debug|Any CPU
		{23732108-3681-482F-995F-DC97A2419207}.Release|Any CPU.ActiveCfg = Release|Any CPU
		{23732108-3681-482F-995F-DC97A2419207}.Release|Any CPU.Build.0 = Release|Any CPU
	EndGlobalSection
	GlobalSection(SolutionProperties) = preSolution
		HideSolutionNode = FALSE
	EndGlobalSection
	GlobalSection(ExtensibilityGlobals) = postSolution
		SolutionGuid = {938DF81F-E511-4A56-A01D-72FC99C8F5D2}
	EndGlobalSection
EndGlobal
